// !$*UTF8*$!
{
	archiveVersion = 1;
	classes = {
	};
	objectVersion = 48;
	objects = {

/* Begin PBXBuildFile section */
		7F33DF7622290A520070A597 /* Utility.swift in Sources */ = {isa = PBXBuildFile; fileRef = 7F33DF7522290A520070A597 /* Utility.swift */; };
		7F5F72EB2227A228007E7624 /* RecordViewController.swift in Sources */ = {isa = PBXBuildFile; fileRef = 7F5F72EA2227A228007E7624 /* RecordViewController.swift */; };
		7F986B542228BC340088B482 /* SoundEffect.swift in Sources */ = {isa = PBXBuildFile; fileRef = 7F986B532228BC340088B482 /* SoundEffect.swift */; };
		7F986B562228BE7F0088B482 /* DataManager.swift in Sources */ = {isa = PBXBuildFile; fileRef = 7F986B552228BE7F0088B482 /* DataManager.swift */; };
		7F986B5A2228C2EE0088B482 /* SoundEffectListCell.swift in Sources */ = {isa = PBXBuildFile; fileRef = 7F986B592228C2EE0088B482 /* SoundEffectListCell.swift */; };
		7F986B5D2228C7B90088B482 /* SoundEffectListDataSource.swift in Sources */ = {isa = PBXBuildFile; fileRef = 7F986B5C2228C7B90088B482 /* SoundEffectListDataSource.swift */; };
		7FA9455122276754001F5278 /* AppDelegate.swift in Sources */ = {isa = PBXBuildFile; fileRef = 7FA9455022276754001F5278 /* AppDelegate.swift */; };
		7FA9455322276754001F5278 /* SoundEffectListViewController.swift in Sources */ = {isa = PBXBuildFile; fileRef = 7FA9455222276754001F5278 /* SoundEffectListViewController.swift */; };
		7FA9455822276754001F5278 /* Assets.xcassets in Resources */ = {isa = PBXBuildFile; fileRef = 7FA9455722276754001F5278 /* Assets.xcassets */; };
		7FA9456622276755001F5278 /* SoundEffectMakerTests.swift in Sources */ = {isa = PBXBuildFile; fileRef = 7FA9456522276755001F5278 /* SoundEffectMakerTests.swift */; };
		7FA9457122276755001F5278 /* SoundEffectMakerUITests.swift in Sources */ = {isa = PBXBuildFile; fileRef = 7FA9457022276755001F5278 /* SoundEffectMakerUITests.swift */; };
		7FA9457622276755001F5278 /* SoundEffectMaker WatchKit App.app in Embed Watch Content */ = {isa = PBXBuildFile; fileRef = 7FA9457522276755001F5278 /* SoundEffectMaker WatchKit App.app */; };
		7FA9457C22276755001F5278 /* Interface.storyboard in Resources */ = {isa = PBXBuildFile; fileRef = 7FA9457A22276755001F5278 /* Interface.storyboard */; };
		7FA9457E22276755001F5278 /* Assets.xcassets in Resources */ = {isa = PBXBuildFile; fileRef = 7FA9457D22276755001F5278 /* Assets.xcassets */; };
		7FA9458522276755001F5278 /* SoundEffectMaker WatchKit Extension.appex in Embed App Extensions */ = {isa = PBXBuildFile; fileRef = 7FA9458422276755001F5278 /* SoundEffectMaker WatchKit Extension.appex */; settings = {ATTRIBUTES = (RemoveHeadersOnCopy, ); }; };
		7FA9458A22276755001F5278 /* InterfaceController.swift in Sources */ = {isa = PBXBuildFile; fileRef = 7FA9458922276755001F5278 /* InterfaceController.swift */; };
		7FA9458C22276755001F5278 /* ExtensionDelegate.swift in Sources */ = {isa = PBXBuildFile; fileRef = 7FA9458B22276755001F5278 /* ExtensionDelegate.swift */; };
		7FA9458E22276755001F5278 /* NotificationController.swift in Sources */ = {isa = PBXBuildFile; fileRef = 7FA9458D22276755001F5278 /* NotificationController.swift */; };
		7FA9459022276755001F5278 /* ComplicationController.swift in Sources */ = {isa = PBXBuildFile; fileRef = 7FA9458F22276755001F5278 /* ComplicationController.swift */; };
		7FA9459222276755001F5278 /* Assets.xcassets in Resources */ = {isa = PBXBuildFile; fileRef = 7FA9459122276755001F5278 /* Assets.xcassets */; };
		7FA945AE22279863001F5278 /* LaunchScreen.storyboard in Resources */ = {isa = PBXBuildFile; fileRef = 7FA945AD22279863001F5278 /* LaunchScreen.storyboard */; };
		7FACE1E82230E2B4007137C2 /* SoundEffectManager.swift in Sources */ = {isa = PBXBuildFile; fileRef = 7FACE1E72230E2B4007137C2 /* SoundEffectManager.swift */; };
		7FACE1E92230F454007137C2 /* SoundEffectManager.swift in Sources */ = {isa = PBXBuildFile; fileRef = 7FACE1E72230E2B4007137C2 /* SoundEffectManager.swift */; };
		7FACE1EA22310379007137C2 /* SoundEffect.swift in Sources */ = {isa = PBXBuildFile; fileRef = 7F986B532228BC340088B482 /* SoundEffect.swift */; };
		7FACE1EB22310412007137C2 /* Utility.swift in Sources */ = {isa = PBXBuildFile; fileRef = 7F33DF7522290A520070A597 /* Utility.swift */; };
		7FACE1F12231058F007137C2 /* test.m4a in Resources */ = {isa = PBXBuildFile; fileRef = 7FACE1F02231058F007137C2 /* test.m4a */; };
/* End PBXBuildFile section */

/* Begin PBXContainerItemProxy section */
		7FA9456222276755001F5278 /* PBXContainerItemProxy */ = {
			isa = PBXContainerItemProxy;
			containerPortal = 7FA9454522276754001F5278 /* Project object */;
			proxyType = 1;
			remoteGlobalIDString = 7FA9454C22276754001F5278;
			remoteInfo = SoundEffectMaker;
		};
		7FA9456D22276755001F5278 /* PBXContainerItemProxy */ = {
			isa = PBXContainerItemProxy;
			containerPortal = 7FA9454522276754001F5278 /* Project object */;
			proxyType = 1;
			remoteGlobalIDString = 7FA9454C22276754001F5278;
			remoteInfo = SoundEffectMaker;
		};
		7FA9457722276755001F5278 /* PBXContainerItemProxy */ = {
			isa = PBXContainerItemProxy;
			containerPortal = 7FA9454522276754001F5278 /* Project object */;
			proxyType = 1;
			remoteGlobalIDString = 7FA9457422276755001F5278;
			remoteInfo = "SoundEffectMaker WatchKit App";
		};
		7FA9458622276755001F5278 /* PBXContainerItemProxy */ = {
			isa = PBXContainerItemProxy;
			containerPortal = 7FA9454522276754001F5278 /* Project object */;
			proxyType = 1;
			remoteGlobalIDString = 7FA9458322276755001F5278;
			remoteInfo = "SoundEffectMaker WatchKit Extension";
		};
/* End PBXContainerItemProxy section */

/* Begin PBXCopyFilesBuildPhase section */
		7FA9459A22276755001F5278 /* Embed App Extensions */ = {
			isa = PBXCopyFilesBuildPhase;
			buildActionMask = 2147483647;
			dstPath = "";
			dstSubfolderSpec = 13;
			files = (
				7FA9458522276755001F5278 /* SoundEffectMaker WatchKit Extension.appex in Embed App Extensions */,
			);
			name = "Embed App Extensions";
			runOnlyForDeploymentPostprocessing = 0;
		};
		7FA9459E22276755001F5278 /* Embed Watch Content */ = {
			isa = PBXCopyFilesBuildPhase;
			buildActionMask = 2147483647;
			dstPath = "$(CONTENTS_FOLDER_PATH)/Watch";
			dstSubfolderSpec = 16;
			files = (
				7FA9457622276755001F5278 /* SoundEffectMaker WatchKit App.app in Embed Watch Content */,
			);
			name = "Embed Watch Content";
			runOnlyForDeploymentPostprocessing = 0;
		};
/* End PBXCopyFilesBuildPhase section */

/* Begin PBXFileReference section */
		7F33DF7522290A520070A597 /* Utility.swift */ = {isa = PBXFileReference; lastKnownFileType = sourcecode.swift; path = Utility.swift; sourceTree = "<group>"; };
		7F5F72EA2227A228007E7624 /* RecordViewController.swift */ = {isa = PBXFileReference; lastKnownFileType = sourcecode.swift; path = RecordViewController.swift; sourceTree = "<group>"; };
		7F986B532228BC340088B482 /* SoundEffect.swift */ = {isa = PBXFileReference; lastKnownFileType = sourcecode.swift; path = SoundEffect.swift; sourceTree = "<group>"; };
		7F986B552228BE7F0088B482 /* DataManager.swift */ = {isa = PBXFileReference; lastKnownFileType = sourcecode.swift; path = DataManager.swift; sourceTree = "<group>"; };
		7F986B592228C2EE0088B482 /* SoundEffectListCell.swift */ = {isa = PBXFileReference; lastKnownFileType = sourcecode.swift; path = SoundEffectListCell.swift; sourceTree = "<group>"; };
		7F986B5C2228C7B90088B482 /* SoundEffectListDataSource.swift */ = {isa = PBXFileReference; lastKnownFileType = sourcecode.swift; path = SoundEffectListDataSource.swift; sourceTree = "<group>"; };
		7FA9454D22276754001F5278 /* SoundEffectMaker.app */ = {isa = PBXFileReference; explicitFileType = wrapper.application; includeInIndex = 0; path = SoundEffectMaker.app; sourceTree = BUILT_PRODUCTS_DIR; };
		7FA9455022276754001F5278 /* AppDelegate.swift */ = {isa = PBXFileReference; lastKnownFileType = sourcecode.swift; path = AppDelegate.swift; sourceTree = "<group>"; };
		7FA9455222276754001F5278 /* SoundEffectListViewController.swift */ = {isa = PBXFileReference; lastKnownFileType = sourcecode.swift; path = SoundEffectListViewController.swift; sourceTree = "<group>"; };
		7FA9455722276754001F5278 /* Assets.xcassets */ = {isa = PBXFileReference; lastKnownFileType = folder.assetcatalog; path = Assets.xcassets; sourceTree = "<group>"; };
		7FA9455C22276754001F5278 /* Info.plist */ = {isa = PBXFileReference; lastKnownFileType = text.plist.xml; path = Info.plist; sourceTree = "<group>"; };
		7FA9456122276755001F5278 /* SoundEffectMakerTests.xctest */ = {isa = PBXFileReference; explicitFileType = wrapper.cfbundle; includeInIndex = 0; path = SoundEffectMakerTests.xctest; sourceTree = BUILT_PRODUCTS_DIR; };
		7FA9456522276755001F5278 /* SoundEffectMakerTests.swift */ = {isa = PBXFileReference; lastKnownFileType = sourcecode.swift; path = SoundEffectMakerTests.swift; sourceTree = "<group>"; };
		7FA9456722276755001F5278 /* Info.plist */ = {isa = PBXFileReference; lastKnownFileType = text.plist.xml; path = Info.plist; sourceTree = "<group>"; };
		7FA9456C22276755001F5278 /* SoundEffectMakerUITests.xctest */ = {isa = PBXFileReference; explicitFileType = wrapper.cfbundle; includeInIndex = 0; path = SoundEffectMakerUITests.xctest; sourceTree = BUILT_PRODUCTS_DIR; };
		7FA9457022276755001F5278 /* SoundEffectMakerUITests.swift */ = {isa = PBXFileReference; lastKnownFileType = sourcecode.swift; path = SoundEffectMakerUITests.swift; sourceTree = "<group>"; };
		7FA9457222276755001F5278 /* Info.plist */ = {isa = PBXFileReference; lastKnownFileType = text.plist.xml; path = Info.plist; sourceTree = "<group>"; };
		7FA9457522276755001F5278 /* SoundEffectMaker WatchKit App.app */ = {isa = PBXFileReference; explicitFileType = wrapper.application; includeInIndex = 0; path = "SoundEffectMaker WatchKit App.app"; sourceTree = BUILT_PRODUCTS_DIR; };
		7FA9457B22276755001F5278 /* Base */ = {isa = PBXFileReference; lastKnownFileType = file.storyboard; name = Base; path = Base.lproj/Interface.storyboard; sourceTree = "<group>"; };
		7FA9457D22276755001F5278 /* Assets.xcassets */ = {isa = PBXFileReference; lastKnownFileType = folder.assetcatalog; path = Assets.xcassets; sourceTree = "<group>"; };
		7FA9457F22276755001F5278 /* Info.plist */ = {isa = PBXFileReference; lastKnownFileType = text.plist.xml; path = Info.plist; sourceTree = "<group>"; };
		7FA9458422276755001F5278 /* SoundEffectMaker WatchKit Extension.appex */ = {isa = PBXFileReference; explicitFileType = "wrapper.app-extension"; includeInIndex = 0; path = "SoundEffectMaker WatchKit Extension.appex"; sourceTree = BUILT_PRODUCTS_DIR; };
		7FA9458922276755001F5278 /* InterfaceController.swift */ = {isa = PBXFileReference; lastKnownFileType = sourcecode.swift; path = InterfaceController.swift; sourceTree = "<group>"; };
		7FA9458B22276755001F5278 /* ExtensionDelegate.swift */ = {isa = PBXFileReference; lastKnownFileType = sourcecode.swift; path = ExtensionDelegate.swift; sourceTree = "<group>"; };
		7FA9458D22276755001F5278 /* NotificationController.swift */ = {isa = PBXFileReference; lastKnownFileType = sourcecode.swift; path = NotificationController.swift; sourceTree = "<group>"; };
		7FA9458F22276755001F5278 /* ComplicationController.swift */ = {isa = PBXFileReference; lastKnownFileType = sourcecode.swift; path = ComplicationController.swift; sourceTree = "<group>"; };
		7FA9459122276755001F5278 /* Assets.xcassets */ = {isa = PBXFileReference; lastKnownFileType = folder.assetcatalog; path = Assets.xcassets; sourceTree = "<group>"; };
		7FA9459322276755001F5278 /* Info.plist */ = {isa = PBXFileReference; lastKnownFileType = text.plist.xml; path = Info.plist; sourceTree = "<group>"; };
		7FA9459422276755001F5278 /* PushNotificationPayload.apns */ = {isa = PBXFileReference; lastKnownFileType = text; path = PushNotificationPayload.apns; sourceTree = "<group>"; };
		7FA945AD22279863001F5278 /* LaunchScreen.storyboard */ = {isa = PBXFileReference; lastKnownFileType = file.storyboard; path = LaunchScreen.storyboard; sourceTree = "<group>"; };
		7FACE1E72230E2B4007137C2 /* SoundEffectManager.swift */ = {isa = PBXFileReference; lastKnownFileType = sourcecode.swift; path = SoundEffectManager.swift; sourceTree = "<group>"; };
		7FACE1F02231058F007137C2 /* test.m4a */ = {isa = PBXFileReference; lastKnownFileType = file; path = test.m4a; sourceTree = "<group>"; };
/* End PBXFileReference section */

/* Begin PBXFrameworksBuildPhase section */
		7FA9454A22276754001F5278 /* Frameworks */ = {
			isa = PBXFrameworksBuildPhase;
			buildActionMask = 2147483647;
			files = (
			);
			runOnlyForDeploymentPostprocessing = 0;
		};
		7FA9455E22276755001F5278 /* Frameworks */ = {
			isa = PBXFrameworksBuildPhase;
			buildActionMask = 2147483647;
			files = (
			);
			runOnlyForDeploymentPostprocessing = 0;
		};
		7FA9456922276755001F5278 /* Frameworks */ = {
			isa = PBXFrameworksBuildPhase;
			buildActionMask = 2147483647;
			files = (
			);
			runOnlyForDeploymentPostprocessing = 0;
		};
		7FA9458122276755001F5278 /* Frameworks */ = {
			isa = PBXFrameworksBuildPhase;
			buildActionMask = 2147483647;
			files = (
			);
			runOnlyForDeploymentPostprocessing = 0;
		};
/* End PBXFrameworksBuildPhase section */

/* Begin PBXGroup section */
		7F5F72E922279DFE007E7624 /* Base */ = {
			isa = PBXGroup;
			children = (
			);
			path = Base;
			sourceTree = "<group>";
		};
		7F986B4A2227BB8D0088B482 /* Control */ = {
			isa = PBXGroup;
			children = (
				7F986B592228C2EE0088B482 /* SoundEffectListCell.swift */,
			);
			path = Control;
			sourceTree = "<group>";
		};
		7F986B4F2228BAF00088B482 /* Util */ = {
			isa = PBXGroup;
			children = (
				7F986B552228BE7F0088B482 /* DataManager.swift */,
				7F33DF7522290A520070A597 /* Utility.swift */,
				7FACE1E72230E2B4007137C2 /* SoundEffectManager.swift */,
			);
			path = Util;
			sourceTree = "<group>";
		};
		7F986B522228BC190088B482 /* Model */ = {
			isa = PBXGroup;
			children = (
				7F986B532228BC340088B482 /* SoundEffect.swift */,
			);
			path = Model;
			sourceTree = "<group>";
		};
		7F986B5B2228C7330088B482 /* DataSource */ = {
			isa = PBXGroup;
			children = (
				7F986B5C2228C7B90088B482 /* SoundEffectListDataSource.swift */,
			);
			path = DataSource;
			sourceTree = "<group>";
		};
		7FA9454422276754001F5278 = {
			isa = PBXGroup;
			children = (
				7FA9454F22276754001F5278 /* SoundEffectMaker */,
				7FA9456422276755001F5278 /* SoundEffectMakerTests */,
				7FA9456F22276755001F5278 /* SoundEffectMakerUITests */,
				7FA9457922276755001F5278 /* SoundEffectMaker WatchKit App */,
				7FA9458822276755001F5278 /* SoundEffectMaker WatchKit Extension */,
				7FA9454E22276754001F5278 /* Products */,
			);
			sourceTree = "<group>";
		};
		7FA9454E22276754001F5278 /* Products */ = {
			isa = PBXGroup;
			children = (
				7FA9454D22276754001F5278 /* SoundEffectMaker.app */,
				7FA9456122276755001F5278 /* SoundEffectMakerTests.xctest */,
				7FA9456C22276755001F5278 /* SoundEffectMakerUITests.xctest */,
				7FA9457522276755001F5278 /* SoundEffectMaker WatchKit App.app */,
				7FA9458422276755001F5278 /* SoundEffectMaker WatchKit Extension.appex */,
			);
			name = Products;
			sourceTree = "<group>";
		};
		7FA9454F22276754001F5278 /* SoundEffectMaker */ = {
			isa = PBXGroup;
			children = (
				7F986B5B2228C7330088B482 /* DataSource */,
				7F986B522228BC190088B482 /* Model */,
				7F986B4F2228BAF00088B482 /* Util */,
				7F986B4A2227BB8D0088B482 /* Control */,
				7F5F72E922279DFE007E7624 /* Base */,
				7FA945AA22277FD5001F5278 /* Const */,
				7FA945A822277C00001F5278 /* ViewController */,
				7FA9455022276754001F5278 /* AppDelegate.swift */,
				7FA9455722276754001F5278 /* Assets.xcassets */,
				7FA9455C22276754001F5278 /* Info.plist */,
				7FA945AD22279863001F5278 /* LaunchScreen.storyboard */,
			);
			path = SoundEffectMaker;
			sourceTree = "<group>";
		};
		7FA9456422276755001F5278 /* SoundEffectMakerTests */ = {
			isa = PBXGroup;
			children = (
				7FA9456522276755001F5278 /* SoundEffectMakerTests.swift */,
				7FA9456722276755001F5278 /* Info.plist */,
			);
			path = SoundEffectMakerTests;
			sourceTree = "<group>";
		};
		7FA9456F22276755001F5278 /* SoundEffectMakerUITests */ = {
			isa = PBXGroup;
			children = (
				7FA9457022276755001F5278 /* SoundEffectMakerUITests.swift */,
				7FA9457222276755001F5278 /* Info.plist */,
			);
			path = SoundEffectMakerUITests;
			sourceTree = "<group>";
		};
		7FA9457922276755001F5278 /* SoundEffectMaker WatchKit App */ = {
			isa = PBXGroup;
			children = (
				7FA9457A22276755001F5278 /* Interface.storyboard */,
				7FA9457D22276755001F5278 /* Assets.xcassets */,
				7FA9457F22276755001F5278 /* Info.plist */,
			);
			path = "SoundEffectMaker WatchKit App";
			sourceTree = "<group>";
		};
		7FA9458822276755001F5278 /* SoundEffectMaker WatchKit Extension */ = {
			isa = PBXGroup;
			children = (
				7FACE1EF2231056A007137C2 /* test */,
				7FA9458922276755001F5278 /* InterfaceController.swift */,
				7FA9458B22276755001F5278 /* ExtensionDelegate.swift */,
				7FA9458D22276755001F5278 /* NotificationController.swift */,
				7FA9458F22276755001F5278 /* ComplicationController.swift */,
				7FA9459122276755001F5278 /* Assets.xcassets */,
				7FA9459322276755001F5278 /* Info.plist */,
				7FA9459422276755001F5278 /* PushNotificationPayload.apns */,
			);
			path = "SoundEffectMaker WatchKit Extension";
			sourceTree = "<group>";
		};
		7FA945A822277C00001F5278 /* ViewController */ = {
			isa = PBXGroup;
			children = (
				7FA9455222276754001F5278 /* SoundEffectListViewController.swift */,
				7F5F72EA2227A228007E7624 /* RecordViewController.swift */,
			);
			path = ViewController;
			sourceTree = "<group>";
		};
		7FA945AA22277FD5001F5278 /* Const */ = {
			isa = PBXGroup;
			children = (
			);
			path = Const;
			sourceTree = "<group>";
		};
		7FACE1EF2231056A007137C2 /* test */ = {
			isa = PBXGroup;
			children = (
				7FACE1F02231058F007137C2 /* test.m4a */,
			);
			path = test;
			sourceTree = "<group>";
		};
/* End PBXGroup section */

/* Begin PBXNativeTarget section */
		7FA9454C22276754001F5278 /* SoundEffectMaker */ = {
			isa = PBXNativeTarget;
			buildConfigurationList = 7FA9459F22276755001F5278 /* Build configuration list for PBXNativeTarget "SoundEffectMaker" */;
			buildPhases = (
				7FA9454922276754001F5278 /* Sources */,
				7FA9454A22276754001F5278 /* Frameworks */,
				7FA9454B22276754001F5278 /* Resources */,
				7FA9459E22276755001F5278 /* Embed Watch Content */,
			);
			buildRules = (
			);
			dependencies = (
				7FA9457822276755001F5278 /* PBXTargetDependency */,
			);
			name = SoundEffectMaker;
			productName = SoundEffectMaker;
			productReference = 7FA9454D22276754001F5278 /* SoundEffectMaker.app */;
			productType = "com.apple.product-type.application";
		};
		7FA9456022276755001F5278 /* SoundEffectMakerTests */ = {
			isa = PBXNativeTarget;
			buildConfigurationList = 7FA945A222276755001F5278 /* Build configuration list for PBXNativeTarget "SoundEffectMakerTests" */;
			buildPhases = (
				7FA9455D22276755001F5278 /* Sources */,
				7FA9455E22276755001F5278 /* Frameworks */,
				7FA9455F22276755001F5278 /* Resources */,
			);
			buildRules = (
			);
			dependencies = (
				7FA9456322276755001F5278 /* PBXTargetDependency */,
			);
			name = SoundEffectMakerTests;
			productName = SoundEffectMakerTests;
			productReference = 7FA9456122276755001F5278 /* SoundEffectMakerTests.xctest */;
			productType = "com.apple.product-type.bundle.unit-test";
		};
		7FA9456B22276755001F5278 /* SoundEffectMakerUITests */ = {
			isa = PBXNativeTarget;
			buildConfigurationList = 7FA945A522276755001F5278 /* Build configuration list for PBXNativeTarget "SoundEffectMakerUITests" */;
			buildPhases = (
				7FA9456822276755001F5278 /* Sources */,
				7FA9456922276755001F5278 /* Frameworks */,
				7FA9456A22276755001F5278 /* Resources */,
			);
			buildRules = (
			);
			dependencies = (
				7FA9456E22276755001F5278 /* PBXTargetDependency */,
			);
			name = SoundEffectMakerUITests;
			productName = SoundEffectMakerUITests;
			productReference = 7FA9456C22276755001F5278 /* SoundEffectMakerUITests.xctest */;
			productType = "com.apple.product-type.bundle.ui-testing";
		};
		7FA9457422276755001F5278 /* SoundEffectMaker WatchKit App */ = {
			isa = PBXNativeTarget;
			buildConfigurationList = 7FA9459B22276755001F5278 /* Build configuration list for PBXNativeTarget "SoundEffectMaker WatchKit App" */;
			buildPhases = (
				7FA9457322276755001F5278 /* Resources */,
				7FA9459A22276755001F5278 /* Embed App Extensions */,
			);
			buildRules = (
			);
			dependencies = (
				7FA9458722276755001F5278 /* PBXTargetDependency */,
			);
			name = "SoundEffectMaker WatchKit App";
			productName = "SoundEffectMaker WatchKit App";
			productReference = 7FA9457522276755001F5278 /* SoundEffectMaker WatchKit App.app */;
			productType = "com.apple.product-type.application.watchapp2";
		};
		7FA9458322276755001F5278 /* SoundEffectMaker WatchKit Extension */ = {
			isa = PBXNativeTarget;
			buildConfigurationList = 7FA9459722276755001F5278 /* Build configuration list for PBXNativeTarget "SoundEffectMaker WatchKit Extension" */;
			buildPhases = (
				7FA9458022276755001F5278 /* Sources */,
				7FA9458122276755001F5278 /* Frameworks */,
				7FA9458222276755001F5278 /* Resources */,
			);
			buildRules = (
			);
			dependencies = (
			);
			name = "SoundEffectMaker WatchKit Extension";
			productName = "SoundEffectMaker WatchKit Extension";
			productReference = 7FA9458422276755001F5278 /* SoundEffectMaker WatchKit Extension.appex */;
			productType = "com.apple.product-type.watchkit2-extension";
		};
/* End PBXNativeTarget section */

/* Begin PBXProject section */
		7FA9454522276754001F5278 /* Project object */ = {
			isa = PBXProject;
			attributes = {
				LastSwiftUpdateCheck = 0920;
				LastUpgradeCheck = 0920;
				ORGANIZATIONNAME = "Yuki Yoshinaga";
				TargetAttributes = {
					7FA9454C22276754001F5278 = {
						CreatedOnToolsVersion = 9.2;
						ProvisioningStyle = Automatic;
					};
					7FA9456022276755001F5278 = {
						CreatedOnToolsVersion = 9.2;
						ProvisioningStyle = Automatic;
						TestTargetID = 7FA9454C22276754001F5278;
					};
					7FA9456B22276755001F5278 = {
						CreatedOnToolsVersion = 9.2;
						ProvisioningStyle = Automatic;
						TestTargetID = 7FA9454C22276754001F5278;
					};
					7FA9457422276755001F5278 = {
						CreatedOnToolsVersion = 9.2;
						ProvisioningStyle = Automatic;
					};
					7FA9458322276755001F5278 = {
						CreatedOnToolsVersion = 9.2;
						ProvisioningStyle = Automatic;
					};
				};
			};
			buildConfigurationList = 7FA9454822276754001F5278 /* Build configuration list for PBXProject "SoundEffectMaker" */;
			compatibilityVersion = "Xcode 8.0";
			developmentRegion = en;
			hasScannedForEncodings = 0;
			knownRegions = (
				en,
				Base,
			);
			mainGroup = 7FA9454422276754001F5278;
			productRefGroup = 7FA9454E22276754001F5278 /* Products */;
			projectDirPath = "";
			projectRoot = "";
			targets = (
				7FA9454C22276754001F5278 /* SoundEffectMaker */,
				7FA9456022276755001F5278 /* SoundEffectMakerTests */,
				7FA9456B22276755001F5278 /* SoundEffectMakerUITests */,
				7FA9457422276755001F5278 /* SoundEffectMaker WatchKit App */,
				7FA9458322276755001F5278 /* SoundEffectMaker WatchKit Extension */,
			);
		};
/* End PBXProject section */

/* Begin PBXResourcesBuildPhase section */
		7FA9454B22276754001F5278 /* Resources */ = {
			isa = PBXResourcesBuildPhase;
			buildActionMask = 2147483647;
			files = (
				7FA9455822276754001F5278 /* Assets.xcassets in Resources */,
				7FA945AE22279863001F5278 /* LaunchScreen.storyboard in Resources */,
			);
			runOnlyForDeploymentPostprocessing = 0;
		};
		7FA9455F22276755001F5278 /* Resources */ = {
			isa = PBXResourcesBuildPhase;
			buildActionMask = 2147483647;
			files = (
			);
			runOnlyForDeploymentPostprocessing = 0;
		};
		7FA9456A22276755001F5278 /* Resources */ = {
			isa = PBXResourcesBuildPhase;
			buildActionMask = 2147483647;
			files = (
			);
			runOnlyForDeploymentPostprocessing = 0;
		};
		7FA9457322276755001F5278 /* Resources */ = {
			isa = PBXResourcesBuildPhase;
			buildActionMask = 2147483647;
			files = (
				7FA9457E22276755001F5278 /* Assets.xcassets in Resources */,
				7FA9457C22276755001F5278 /* Interface.storyboard in Resources */,
			);
			runOnlyForDeploymentPostprocessing = 0;
		};
		7FA9458222276755001F5278 /* Resources */ = {
			isa = PBXResourcesBuildPhase;
			buildActionMask = 2147483647;
			files = (
				7FACE1F12231058F007137C2 /* test.m4a in Resources */,
				7FA9459222276755001F5278 /* Assets.xcassets in Resources */,
			);
			runOnlyForDeploymentPostprocessing = 0;
		};
/* End PBXResourcesBuildPhase section */

/* Begin PBXSourcesBuildPhase section */
		7FA9454922276754001F5278 /* Sources */ = {
			isa = PBXSourcesBuildPhase;
			buildActionMask = 2147483647;
			files = (
				7F5F72EB2227A228007E7624 /* RecordViewController.swift in Sources */,
				7F986B562228BE7F0088B482 /* DataManager.swift in Sources */,
				7F986B5D2228C7B90088B482 /* SoundEffectListDataSource.swift in Sources */,
				7F986B5A2228C2EE0088B482 /* SoundEffectListCell.swift in Sources */,
				7F33DF7622290A520070A597 /* Utility.swift in Sources */,
				7F986B542228BC340088B482 /* SoundEffect.swift in Sources */,
				7FA9455322276754001F5278 /* SoundEffectListViewController.swift in Sources */,
				7FACE1E82230E2B4007137C2 /* SoundEffectManager.swift in Sources */,
				7FA9455122276754001F5278 /* AppDelegate.swift in Sources */,
			);
			runOnlyForDeploymentPostprocessing = 0;
		};
		7FA9455D22276755001F5278 /* Sources */ = {
			isa = PBXSourcesBuildPhase;
			buildActionMask = 2147483647;
			files = (
				7FA9456622276755001F5278 /* SoundEffectMakerTests.swift in Sources */,
			);
			runOnlyForDeploymentPostprocessing = 0;
		};
		7FA9456822276755001F5278 /* Sources */ = {
			isa = PBXSourcesBuildPhase;
			buildActionMask = 2147483647;
			files = (
				7FA9457122276755001F5278 /* SoundEffectMakerUITests.swift in Sources */,
			);
			runOnlyForDeploymentPostprocessing = 0;
		};
		7FA9458022276755001F5278 /* Sources */ = {
			isa = PBXSourcesBuildPhase;
			buildActionMask = 2147483647;
			files = (
				7FACE1EB22310412007137C2 /* Utility.swift in Sources */,
				7FA9458E22276755001F5278 /* NotificationController.swift in Sources */,
				7FA9459022276755001F5278 /* ComplicationController.swift in Sources */,
				7FACE1EA22310379007137C2 /* SoundEffect.swift in Sources */,
				7FA9458C22276755001F5278 /* ExtensionDelegate.swift in Sources */,
				7FACE1E92230F454007137C2 /* SoundEffectManager.swift in Sources */,
				7FA9458A22276755001F5278 /* InterfaceController.swift in Sources */,
			);
			runOnlyForDeploymentPostprocessing = 0;
		};
/* End PBXSourcesBuildPhase section */

/* Begin PBXTargetDependency section */
		7FA9456322276755001F5278 /* PBXTargetDependency */ = {
			isa = PBXTargetDependency;
			target = 7FA9454C22276754001F5278 /* SoundEffectMaker */;
			targetProxy = 7FA9456222276755001F5278 /* PBXContainerItemProxy */;
		};
		7FA9456E22276755001F5278 /* PBXTargetDependency */ = {
			isa = PBXTargetDependency;
			target = 7FA9454C22276754001F5278 /* SoundEffectMaker */;
			targetProxy = 7FA9456D22276755001F5278 /* PBXContainerItemProxy */;
		};
		7FA9457822276755001F5278 /* PBXTargetDependency */ = {
			isa = PBXTargetDependency;
			target = 7FA9457422276755001F5278 /* SoundEffectMaker WatchKit App */;
			targetProxy = 7FA9457722276755001F5278 /* PBXContainerItemProxy */;
		};
		7FA9458722276755001F5278 /* PBXTargetDependency */ = {
			isa = PBXTargetDependency;
			target = 7FA9458322276755001F5278 /* SoundEffectMaker WatchKit Extension */;
			targetProxy = 7FA9458622276755001F5278 /* PBXContainerItemProxy */;
		};
/* End PBXTargetDependency section */

/* Begin PBXVariantGroup section */
		7FA9457A22276755001F5278 /* Interface.storyboard */ = {
			isa = PBXVariantGroup;
			children = (
				7FA9457B22276755001F5278 /* Base */,
			);
			name = Interface.storyboard;
			sourceTree = "<group>";
		};
/* End PBXVariantGroup section */

/* Begin XCBuildConfiguration section */
		7FA9459522276755001F5278 /* Debug */ = {
			isa = XCBuildConfiguration;
			buildSettings = {
				ALWAYS_SEARCH_USER_PATHS = NO;
				CLANG_ANALYZER_NONNULL = YES;
				CLANG_ANALYZER_NUMBER_OBJECT_CONVERSION = YES_AGGRESSIVE;
				CLANG_CXX_LANGUAGE_STANDARD = "gnu++14";
				CLANG_CXX_LIBRARY = "libc++";
				CLANG_ENABLE_MODULES = YES;
				CLANG_ENABLE_OBJC_ARC = YES;
				CLANG_WARN_BLOCK_CAPTURE_AUTORELEASING = YES;
				CLANG_WARN_BOOL_CONVERSION = YES;
				CLANG_WARN_COMMA = YES;
				CLANG_WARN_CONSTANT_CONVERSION = YES;
				CLANG_WARN_DIRECT_OBJC_ISA_USAGE = YES_ERROR;
				CLANG_WARN_DOCUMENTATION_COMMENTS = YES;
				CLANG_WARN_EMPTY_BODY = YES;
				CLANG_WARN_ENUM_CONVERSION = YES;
				CLANG_WARN_INFINITE_RECURSION = YES;
				CLANG_WARN_INT_CONVERSION = YES;
				CLANG_WARN_NON_LITERAL_NULL_CONVERSION = YES;
				CLANG_WARN_OBJC_LITERAL_CONVERSION = YES;
				CLANG_WARN_OBJC_ROOT_CLASS = YES_ERROR;
				CLANG_WARN_RANGE_LOOP_ANALYSIS = YES;
				CLANG_WARN_STRICT_PROTOTYPES = YES;
				CLANG_WARN_SUSPICIOUS_MOVE = YES;
				CLANG_WARN_UNGUARDED_AVAILABILITY = YES_AGGRESSIVE;
				CLANG_WARN_UNREACHABLE_CODE = YES;
				CLANG_WARN__DUPLICATE_METHOD_MATCH = YES;
				CODE_SIGN_IDENTITY = "iPhone Developer";
				COPY_PHASE_STRIP = NO;
				DEBUG_INFORMATION_FORMAT = dwarf;
				ENABLE_STRICT_OBJC_MSGSEND = YES;
				ENABLE_TESTABILITY = YES;
				GCC_C_LANGUAGE_STANDARD = gnu11;
				GCC_DYNAMIC_NO_PIC = NO;
				GCC_NO_COMMON_BLOCKS = YES;
				GCC_OPTIMIZATION_LEVEL = 0;
				GCC_PREPROCESSOR_DEFINITIONS = (
					"DEBUG=1",
					"$(inherited)",
				);
				GCC_WARN_64_TO_32_BIT_CONVERSION = YES;
				GCC_WARN_ABOUT_RETURN_TYPE = YES_ERROR;
				GCC_WARN_UNDECLARED_SELECTOR = YES;
				GCC_WARN_UNINITIALIZED_AUTOS = YES_AGGRESSIVE;
				GCC_WARN_UNUSED_FUNCTION = YES;
				GCC_WARN_UNUSED_VARIABLE = YES;
				IPHONEOS_DEPLOYMENT_TARGET = 11.2;
				MTL_ENABLE_DEBUG_INFO = YES;
				ONLY_ACTIVE_ARCH = YES;
				SDKROOT = iphoneos;
				SWIFT_ACTIVE_COMPILATION_CONDITIONS = DEBUG;
				SWIFT_OPTIMIZATION_LEVEL = "-Onone";
			};
			name = Debug;
		};
		7FA9459622276755001F5278 /* Release */ = {
			isa = XCBuildConfiguration;
			buildSettings = {
				ALWAYS_SEARCH_USER_PATHS = NO;
				CLANG_ANALYZER_NONNULL = YES;
				CLANG_ANALYZER_NUMBER_OBJECT_CONVERSION = YES_AGGRESSIVE;
				CLANG_CXX_LANGUAGE_STANDARD = "gnu++14";
				CLANG_CXX_LIBRARY = "libc++";
				CLANG_ENABLE_MODULES = YES;
				CLANG_ENABLE_OBJC_ARC = YES;
				CLANG_WARN_BLOCK_CAPTURE_AUTORELEASING = YES;
				CLANG_WARN_BOOL_CONVERSION = YES;
				CLANG_WARN_COMMA = YES;
				CLANG_WARN_CONSTANT_CONVERSION = YES;
				CLANG_WARN_DIRECT_OBJC_ISA_USAGE = YES_ERROR;
				CLANG_WARN_DOCUMENTATION_COMMENTS = YES;
				CLANG_WARN_EMPTY_BODY = YES;
				CLANG_WARN_ENUM_CONVERSION = YES;
				CLANG_WARN_INFINITE_RECURSION = YES;
				CLANG_WARN_INT_CONVERSION = YES;
				CLANG_WARN_NON_LITERAL_NULL_CONVERSION = YES;
				CLANG_WARN_OBJC_LITERAL_CONVERSION = YES;
				CLANG_WARN_OBJC_ROOT_CLASS = YES_ERROR;
				CLANG_WARN_RANGE_LOOP_ANALYSIS = YES;
				CLANG_WARN_STRICT_PROTOTYPES = YES;
				CLANG_WARN_SUSPICIOUS_MOVE = YES;
				CLANG_WARN_UNGUARDED_AVAILABILITY = YES_AGGRESSIVE;
				CLANG_WARN_UNREACHABLE_CODE = YES;
				CLANG_WARN__DUPLICATE_METHOD_MATCH = YES;
				CODE_SIGN_IDENTITY = "iPhone Developer";
				COPY_PHASE_STRIP = NO;
				DEBUG_INFORMATION_FORMAT = "dwarf-with-dsym";
				ENABLE_NS_ASSERTIONS = NO;
				ENABLE_STRICT_OBJC_MSGSEND = YES;
				GCC_C_LANGUAGE_STANDARD = gnu11;
				GCC_NO_COMMON_BLOCKS = YES;
				GCC_WARN_64_TO_32_BIT_CONVERSION = YES;
				GCC_WARN_ABOUT_RETURN_TYPE = YES_ERROR;
				GCC_WARN_UNDECLARED_SELECTOR = YES;
				GCC_WARN_UNINITIALIZED_AUTOS = YES_AGGRESSIVE;
				GCC_WARN_UNUSED_FUNCTION = YES;
				GCC_WARN_UNUSED_VARIABLE = YES;
				IPHONEOS_DEPLOYMENT_TARGET = 11.2;
				MTL_ENABLE_DEBUG_INFO = NO;
				SDKROOT = iphoneos;
				SWIFT_OPTIMIZATION_LEVEL = "-Owholemodule";
				VALIDATE_PRODUCT = YES;
			};
			name = Release;
		};
		7FA9459822276755001F5278 /* Debug */ = {
			isa = XCBuildConfiguration;
			buildSettings = {
				ASSETCATALOG_COMPILER_COMPLICATION_NAME = Complication;
				CODE_SIGN_STYLE = Automatic;
				DEVELOPMENT_TEAM = ZQYAYZMHPA;
				INFOPLIST_FILE = "SoundEffectMaker WatchKit Extension/Info.plist";
				LD_RUNPATH_SEARCH_PATHS = "$(inherited) @executable_path/Frameworks @executable_path/../../Frameworks";
				PRODUCT_BUNDLE_IDENTIFIER = "com.2y-systems.SoundEffectMaker.watchkitapp.watchkitextension";
				PRODUCT_NAME = "${TARGET_NAME}";
				SDKROOT = watchos;
				SKIP_INSTALL = YES;
				SWIFT_VERSION = 4.0;
				TARGETED_DEVICE_FAMILY = 4;
				WATCHOS_DEPLOYMENT_TARGET = 4.2;
			};
			name = Debug;
		};
		7FA9459922276755001F5278 /* Release */ = {
			isa = XCBuildConfiguration;
			buildSettings = {
				ASSETCATALOG_COMPILER_COMPLICATION_NAME = Complication;
				CODE_SIGN_STYLE = Automatic;
				DEVELOPMENT_TEAM = ZQYAYZMHPA;
				INFOPLIST_FILE = "SoundEffectMaker WatchKit Extension/Info.plist";
				LD_RUNPATH_SEARCH_PATHS = "$(inherited) @executable_path/Frameworks @executable_path/../../Frameworks";
				PRODUCT_BUNDLE_IDENTIFIER = "com.2y-systems.SoundEffectMaker.watchkitapp.watchkitextension";
				PRODUCT_NAME = "${TARGET_NAME}";
				SDKROOT = watchos;
				SKIP_INSTALL = YES;
				SWIFT_VERSION = 4.0;
				TARGETED_DEVICE_FAMILY = 4;
				WATCHOS_DEPLOYMENT_TARGET = 4.2;
			};
			name = Release;
		};
		7FA9459C22276755001F5278 /* Debug */ = {
			isa = XCBuildConfiguration;
			buildSettings = {
				ALWAYS_EMBED_SWIFT_STANDARD_LIBRARIES = YES;
				ASSETCATALOG_COMPILER_APPICON_NAME = AppIcon;
				CODE_SIGN_STYLE = Automatic;
				DEVELOPMENT_TEAM = ZQYAYZMHPA;
				IBSC_MODULE = SoundEffectMaker_WatchKit_Extension;
				INFOPLIST_FILE = "SoundEffectMaker WatchKit App/Info.plist";
				PRODUCT_BUNDLE_IDENTIFIER = "com.2y-systems.SoundEffectMaker.watchkitapp";
				PRODUCT_NAME = "$(TARGET_NAME)";
				SDKROOT = watchos;
				SKIP_INSTALL = YES;
				SWIFT_VERSION = 4.0;
				TARGETED_DEVICE_FAMILY = 4;
				WATCHOS_DEPLOYMENT_TARGET = 4.2;
			};
			name = Debug;
		};
		7FA9459D22276755001F5278 /* Release */ = {
			isa = XCBuildConfiguration;
			buildSettings = {
				ALWAYS_EMBED_SWIFT_STANDARD_LIBRARIES = YES;
				ASSETCATALOG_COMPILER_APPICON_NAME = AppIcon;
				CODE_SIGN_STYLE = Automatic;
				DEVELOPMENT_TEAM = ZQYAYZMHPA;
				IBSC_MODULE = SoundEffectMaker_WatchKit_Extension;
				INFOPLIST_FILE = "SoundEffectMaker WatchKit App/Info.plist";
				PRODUCT_BUNDLE_IDENTIFIER = "com.2y-systems.SoundEffectMaker.watchkitapp";
				PRODUCT_NAME = "$(TARGET_NAME)";
				SDKROOT = watchos;
				SKIP_INSTALL = YES;
				SWIFT_VERSION = 4.0;
				TARGETED_DEVICE_FAMILY = 4;
				WATCHOS_DEPLOYMENT_TARGET = 4.2;
			};
			name = Release;
		};
		7FA945A022276755001F5278 /* Debug */ = {
			isa = XCBuildConfiguration;
			buildSettings = {
				ASSETCATALOG_COMPILER_APPICON_NAME = AppIcon;
				CODE_SIGN_STYLE = Automatic;
				DEVELOPMENT_TEAM = ZQYAYZMHPA;
				INFOPLIST_FILE = SoundEffectMaker/Info.plist;
				IPHONEOS_DEPLOYMENT_TARGET = 11.0;
				LD_RUNPATH_SEARCH_PATHS = "$(inherited) @executable_path/Frameworks";
				PRODUCT_BUNDLE_IDENTIFIER = "com.2y-systems.SoundEffectMaker";
				PRODUCT_NAME = "$(TARGET_NAME)";
				SWIFT_VERSION = 4.0;
				TARGETED_DEVICE_FAMILY = "1,2";
			};
			name = Debug;
		};
		7FA945A122276755001F5278 /* Release */ = {
			isa = XCBuildConfiguration;
			buildSettings = {
				ASSETCATALOG_COMPILER_APPICON_NAME = AppIcon;
				CODE_SIGN_STYLE = Automatic;
				DEVELOPMENT_TEAM = ZQYAYZMHPA;
				INFOPLIST_FILE = SoundEffectMaker/Info.plist;
				IPHONEOS_DEPLOYMENT_TARGET = 11.0;
				LD_RUNPATH_SEARCH_PATHS = "$(inherited) @executable_path/Frameworks";
				PRODUCT_BUNDLE_IDENTIFIER = "com.2y-systems.SoundEffectMaker";
				PRODUCT_NAME = "$(TARGET_NAME)";
				SWIFT_VERSION = 4.0;
				TARGETED_DEVICE_FAMILY = "1,2";
			};
			name = Release;
		};
		7FA945A322276755001F5278 /* Debug */ = {
			isa = XCBuildConfiguration;
			buildSettings = {
				ALWAYS_EMBED_SWIFT_STANDARD_LIBRARIES = YES;
				BUNDLE_LOADER = "$(TEST_HOST)";
				CODE_SIGN_STYLE = Automatic;
				INFOPLIST_FILE = SoundEffectMakerTests/Info.plist;
				LD_RUNPATH_SEARCH_PATHS = "$(inherited) @executable_path/Frameworks @loader_path/Frameworks";
				PRODUCT_BUNDLE_IDENTIFIER = "com.2y-systems.SoundEffectMakerTests";
				PRODUCT_NAME = "$(TARGET_NAME)";
				SWIFT_VERSION = 4.0;
				TARGETED_DEVICE_FAMILY = "1,2";
				TEST_HOST = "$(BUILT_PRODUCTS_DIR)/SoundEffectMaker.app/SoundEffectMaker";
			};
			name = Debug;
		};
		7FA945A422276755001F5278 /* Release */ = {
			isa = XCBuildConfiguration;
			buildSettings = {
				ALWAYS_EMBED_SWIFT_STANDARD_LIBRARIES = YES;
				BUNDLE_LOADER = "$(TEST_HOST)";
				CODE_SIGN_STYLE = Automatic;
				INFOPLIST_FILE = SoundEffectMakerTests/Info.plist;
				LD_RUNPATH_SEARCH_PATHS = "$(inherited) @executable_path/Frameworks @loader_path/Frameworks";
				PRODUCT_BUNDLE_IDENTIFIER = "com.2y-systems.SoundEffectMakerTests";
				PRODUCT_NAME = "$(TARGET_NAME)";
				SWIFT_VERSION = 4.0;
				TARGETED_DEVICE_FAMILY = "1,2";
				TEST_HOST = "$(BUILT_PRODUCTS_DIR)/SoundEffectMaker.app/SoundEffectMaker";
			};
			name = Release;
		};
		7FA945A622276755001F5278 /* Debug */ = {
			isa = XCBuildConfiguration;
			buildSettings = {
				ALWAYS_EMBED_SWIFT_STANDARD_LIBRARIES = YES;
				CODE_SIGN_STYLE = Automatic;
				INFOPLIST_FILE = SoundEffectMakerUITests/Info.plist;
				LD_RUNPATH_SEARCH_PATHS = "$(inherited) @executable_path/Frameworks @loader_path/Frameworks";
				PRODUCT_BUNDLE_IDENTIFIER = "com.2y-systems.SoundEffectMakerUITests";
				PRODUCT_NAME = "$(TARGET_NAME)";
				SWIFT_VERSION = 4.0;
				TARGETED_DEVICE_FAMILY = "1,2";
				TEST_TARGET_NAME = SoundEffectMaker;
			};
			name = Debug;
		};
		7FA945A722276755001F5278 /* Release */ = {
			isa = XCBuildConfiguration;
			buildSettings = {
				ALWAYS_EMBED_SWIFT_STANDARD_LIBRARIES = YES;
				CODE_SIGN_STYLE = Automatic;
				INFOPLIST_FILE = SoundEffectMakerUITests/Info.plist;
				LD_RUNPATH_SEARCH_PATHS = "$(inherited) @executable_path/Frameworks @loader_path/Frameworks";
				PRODUCT_BUNDLE_IDENTIFIER = "com.2y-systems.SoundEffectMakerUITests";
				PRODUCT_NAME = "$(TARGET_NAME)";
				SWIFT_VERSION = 4.0;
				TARGETED_DEVICE_FAMILY = "1,2";
				TEST_TARGET_NAME = SoundEffectMaker;
			};
			name = Release;
		};
/* End XCBuildConfiguration section */

/* Begin XCConfigurationList section */
		7FA9454822276754001F5278 /* Build configuration list for PBXProject "SoundEffectMaker" */ = {
			isa = XCConfigurationList;
			buildConfigurations = (
				7FA9459522276755001F5278 /* Debug */,
				7FA9459622276755001F5278 /* Release */,
			);
			defaultConfigurationIsVisible = 0;
			defaultConfigurationName = Release;
		};
		7FA9459722276755001F5278 /* Build configuration list for PBXNativeTarget "SoundEffectMaker WatchKit Extension" */ = {
			isa = XCConfigurationList;
			buildConfigurations = (
				7FA9459822276755001F5278 /* Debug */,
				7FA9459922276755001F5278 /* Release */,
			);
			defaultConfigurationIsVisible = 0;
			defaultConfigurationName = Release;
		};
		7FA9459B22276755001F5278 /* Build configuration list for PBXNativeTarget "SoundEffectMaker WatchKit App" */ = {
			isa = XCConfigurationList;
			buildConfigurations = (
				7FA9459C22276755001F5278 /* Debug */,
				7FA9459D22276755001F5278 /* Release */,
			);
			defaultConfigurationIsVisible = 0;
			defaultConfigurationName = Release;
		};
		7FA9459F22276755001F5278 /* Build configuration list for PBXNativeTarget "SoundEffectMaker" */ = {
			isa = XCConfigurationList;
			buildConfigurations = (
				7FA945A022276755001F5278 /* Debug */,
				7FA945A122276755001F5278 /* Release */,
			);
			defaultConfigurationIsVisible = 0;
			defaultConfigurationName = Release;
		};
		7FA945A222276755001F5278 /* Build configuration list for PBXNativeTarget "SoundEffectMakerTests" */ = {
			isa = XCConfigurationList;
			buildConfigurations = (
				7FA945A322276755001F5278 /* Debug */,
				7FA945A422276755001F5278 /* Release */,
			);
			defaultConfigurationIsVisible = 0;
			defaultConfigurationName = Release;
		};
		7FA945A522276755001F5278 /* Build configuration list for PBXNativeTarget "SoundEffectMakerUITests" */ = {
			isa = XCConfigurationList;
			buildConfigurations = (
				7FA945A622276755001F5278 /* Debug */,
				7FA945A722276755001F5278 /* Release */,
			);
			defaultConfigurationIsVisible = 0;
			defaultConfigurationName = Release;
		};
/* End XCConfigurationList section */
	};
	rootObject = 7FA9454522276754001F5278 /* Project object */;
}
